{
  "name": "Demo_AngleLaunch",
  "lockfileVersion": 3,
  "requires": true,
  "packages": {
    "": {
      "name": "Demo_AngleLaunch",
      "dependencies": {
        "@iskl/rxjs-bundle": "^0.1.0"
      }
    },
    "node_modules/@iskl/rxjs-bundle": {
      "version": "0.1.0",
      "resolved": "https://registry.npmjs.org/@iskl/rxjs-bundle/-/rxjs-bundle-0.1.0.tgz",
      "integrity": "sha512-yl2A9cjes99Qa4Xl4TqNebWx/PVgdzYe4lgr/7Nz9XDZuXktba45Xyd082RxrhqX6V5E73/W3e1QypPljqC58g==",
      "dependencies": {
        "rxjs": "^7.8.1"
      }
    },
    "node_modules/rxjs": {
      "version": "7.8.1",
      "resolved": "https://registry.npmjs.org/rxjs/-/rxjs-7.8.1.tgz",
      "integrity": "sha512-AA3TVj+0A2iuIoQkWEK/tqFjBq2j+6PO6Y0zJcvzLAFhEFIO3HL0vls9hWLncZbAAbK0mar7oZ4V079I/qPMxg==",
      "dependencies": {
        "tslib": "^2.1.0"
      }
    },
    "node_modules/tslib": {
      "version": "2.7.0",
      "resolved": "https://registry.npmjs.org/tslib/-/tslib-2.7.0.tgz",
      "integrity": "sha512-gLXCKdN1/j47AiHiOkJN69hJmcbGTHI0ImLmbYLHykhgeN0jVGola9yVjFgzCUklsZQMW55o+dW7IXv3RCXDzA=="
    }
  }
}
